# This file was autogenerated by Stack.
# You should not edit this file by hand.
# For more information, please see the documentation at:
#   https://docs.haskellstack.org/en/stable/lock_files

packages:
- completed:
    pantry-tree:
      sha256: ae84d4cc0e1daf985db6cdcf2ac92319531b8e60f547183cc46480d00aafbe20
      size: 330
    hackage: classy-prelude-yesod-1.5.0@sha256:8f7e183bdfd6d2ea9674284c4f285294ab086aff60d9be4e5d7d2f3c1a2b05b7,1330
  original:
    hackage: classy-prelude-yesod-1.5.0@sha256:8f7e183bdfd6d2ea9674284c4f285294ab086aff60d9be4e5d7d2f3c1a2b05b7,1330
- completed:
    pantry-tree:
      sha256: 5ae7b1ac51a0b083934193a6d01eea132adfe038b007afc992af7499432dcca7
      size: 593
    hackage: persistent-mongoDB-2.13.0.0@sha256:66b9fcd3d3084068653e3898db867e5f49c4ff3a6040d595d549c52877220db5,2744
  original:
    hackage: persistent-mongoDB-2.13.0.0@sha256:66b9fcd3d3084068653e3898db867e5f49c4ff3a6040d595d549c52877220db5,2744
snapshots:
- completed:
    sha256: 06d844ba51e49907bd29cb58b4a5f86ee7587a4cd7e6cf395eeec16cba619ce8
    size: 587821
    url: https://raw.githubusercontent.com/commercialhaskell/stackage-snapshots/master/lts/18/24.yaml
  original:
    url: https://raw.githubusercontent.com/commercialhaskell/stackage-snapshots/master/lts/18/24.yaml
